
Microsoft Visual Studio Solution File, Format Version 12.00
# Visual Studio Version 16
VisualStudioVersion = 16.0.29728.190
MinimumVisualStudioVersion = 10.0.40219.1
Project("{FAE04EC0-301F-11D3-BF4B-00C04F79EFBC}") = "Sugestao", "Sugestao\Sugestao.csproj", "{DD249AA1-966A-496F-9EBD-16978053CAEA}"
EndProject
Global
	GlobalSection(SolutionConfigurationPlatforms) = preSolution
		Debug|Any CPU = Debug|Any CPU
		Release|Any CPU = Release|Any CPU
	EndGlobalSection
	GlobalSection(ProjectConfigurationPlatforms) = postSolution
		{DD249AA1-966A-496F-9EBD-16978053CAEA}.Debug|Any CPU.ActiveCfg = Debug|Any CPU
		{DD249AA1-966A-496F-9EBD-16978053CAEA}.Debug|Any CPU.Build.0 = Debug|Any CPU
		{DD249AA1-966A-496F-9EBD-16978053CAEA}.Release|Any CPU.ActiveCfg = Release|Any CPU
		{DD249AA1-966A-496F-9EBD-16978053CAEA}.Release|Any CPU.Build.0 = Release|Any CPU
	EndGlobalSection
	GlobalSection(SolutionProperties) = preSolution
		HideSolutionNode = FALSE
	EndGlobalSection
	GlobalSection(ExtensibilityGlobals) = postSolution
		SolutionGuid = {D4FF3F87-CBF5-4CF9-8395-F741C2A601DD}
	EndGlobalSection
EndGlobal
